
Microsoft Visual Studio Solution File, Format Version 12.00
# Visual Studio Version 17
VisualStudioVersion = 17.4.33205.214
MinimumVisualStudioVersion = 10.0.40219.1
Project("{9A19103F-16F7-4668-BE54-9A1E7A4F7556}") = "MadLib", "MadLib\MadLib.csproj", "{E312575A-6A23-48CC-86F6-97ED3AE644A5}"
EndProject
Project("{9A19103F-16F7-4668-BE54-9A1E7A4F7556}") = "VideoGameList", "VideoGameList\VideoGameList.csproj", "{8AB157E7-F266-4B1D-A54D-5FD110D66CCD}"
EndProject
Project("{9A19103F-16F7-4668-BE54-9A1E7A4F7556}") = "Routing", "Routing\Routing.csproj", "{DF07DD62-2AB8-4B26-AE8A-43AD1E5B5A3D}"
EndProject
Project("{9A19103F-16F7-4668-BE54-9A1E7A4F7556}") = "Validation", "Validation\Validation.csproj", "{47292DFE-71A7-466E-93CD-EE19DF0B4E14}"
EndProject
Project("{9A19103F-16F7-4668-BE54-9A1E7A4F7556}") = "SocialMediaSite", "SocialMediaSite\SocialMediaSite.csproj", "{06BACB56-F7B5-40C5-9E30-74F86300F35C}"
EndProject
Global
	GlobalSection(SolutionConfigurationPlatforms) = preSolution
		Debug|Any CPU = Debug|Any CPU
		Release|Any CPU = Release|Any CPU
	EndGlobalSection
	GlobalSection(ProjectConfigurationPlatforms) = postSolution
		{E312575A-6A23-48CC-86F6-97ED3AE644A5}.Debug|Any CPU.ActiveCfg = Debug|Any CPU
		{E312575A-6A23-48CC-86F6-97ED3AE644A5}.Debug|Any CPU.Build.0 = Debug|Any CPU
		{E312575A-6A23-48CC-86F6-97ED3AE644A5}.Release|Any CPU.ActiveCfg = Release|Any CPU
		{E312575A-6A23-48CC-86F6-97ED3AE644A5}.Release|Any CPU.Build.0 = Release|Any CPU
		{8AB157E7-F266-4B1D-A54D-5FD110D66CCD}.Debug|Any CPU.ActiveCfg = Debug|Any CPU
		{8AB157E7-F266-4B1D-A54D-5FD110D66CCD}.Debug|Any CPU.Build.0 = Debug|Any CPU
		{8AB157E7-F266-4B1D-A54D-5FD110D66CCD}.Release|Any CPU.ActiveCfg = Release|Any CPU
		{8AB157E7-F266-4B1D-A54D-5FD110D66CCD}.Release|Any CPU.Build.0 = Release|Any CPU
		{DF07DD62-2AB8-4B26-AE8A-43AD1E5B5A3D}.Debug|Any CPU.ActiveCfg = Debug|Any CPU
		{DF07DD62-2AB8-4B26-AE8A-43AD1E5B5A3D}.Debug|Any CPU.Build.0 = Debug|Any CPU
		{DF07DD62-2AB8-4B26-AE8A-43AD1E5B5A3D}.Release|Any CPU.ActiveCfg = Release|Any CPU
		{DF07DD62-2AB8-4B26-AE8A-43AD1E5B5A3D}.Release|Any CPU.Build.0 = Release|Any CPU
		{47292DFE-71A7-466E-93CD-EE19DF0B4E14}.Debug|Any CPU.ActiveCfg = Debug|Any CPU
		{47292DFE-71A7-466E-93CD-EE19DF0B4E14}.Debug|Any CPU.Build.0 = Debug|Any CPU
		{47292DFE-71A7-466E-93CD-EE19DF0B4E14}.Release|Any CPU.ActiveCfg = Release|Any CPU
		{47292DFE-71A7-466E-93CD-EE19DF0B4E14}.Release|Any CPU.Build.0 = Release|Any CPU
		{06BACB56-F7B5-40C5-9E30-74F86300F35C}.Debug|Any CPU.ActiveCfg = Debug|Any CPU
		{06BACB56-F7B5-40C5-9E30-74F86300F35C}.Debug|Any CPU.Build.0 = Debug|Any CPU
		{06BACB56-F7B5-40C5-9E30-74F86300F35C}.Release|Any CPU.ActiveCfg = Release|Any CPU
		{06BACB56-F7B5-40C5-9E30-74F86300F35C}.Release|Any CPU.Build.0 = Release|Any CPU
	EndGlobalSection
	GlobalSection(SolutionProperties) = preSolution
		HideSolutionNode = FALSE
	EndGlobalSection
	GlobalSection(ExtensibilityGlobals) = postSolution
		SolutionGuid = {F1B1940E-C1F1-40EB-B232-27FFEAB1338A}
	EndGlobalSection
EndGlobal
